// !$*UTF8*$!
{
	archiveVersion = 1;
	classes = {
	};
	objectVersion = 50;
	objects = {

/* Begin PBXBuildFile section */
		031439D02221A7870039510E /* AppDelegate.swift in Sources */ = {isa = PBXBuildFile; fileRef = 031439CF2221A7870039510E /* AppDelegate.swift */; };
		031439D22221A7870039510E /* ViewController.swift in Sources */ = {isa = PBXBuildFile; fileRef = 031439D12221A7870039510E /* ViewController.swift */; };
		031439D52221A7870039510E /* Main.storyboard in Resources */ = {isa = PBXBuildFile; fileRef = 031439D32221A7870039510E /* Main.storyboard */; };
		031439D72221A7940039510E /* Assets.xcassets in Resources */ = {isa = PBXBuildFile; fileRef = 031439D62221A7940039510E /* Assets.xcassets */; };
		031439DA2221A7940039510E /* LaunchScreen.storyboard in Resources */ = {isa = PBXBuildFile; fileRef = 031439D82221A7940039510E /* LaunchScreen.storyboard */; };
		031439E22221A9410039510E /* CadastrarViewController.swift in Sources */ = {isa = PBXBuildFile; fileRef = 031439E12221A9410039510E /* CadastrarViewController.swift */; };
		031439E52221AA080039510E /* Model.xcdatamodeld in Sources */ = {isa = PBXBuildFile; fileRef = 031439E32221AA080039510E /* Model.xcdatamodeld */; };
		031439E72221AB210039510E /* CarroHandle.swift in Sources */ = {isa = PBXBuildFile; fileRef = 031439E62221AB210039510E /* CarroHandle.swift */; };
		031439EA2221AB450039510E /* CoreData.framework in Frameworks */ = {isa = PBXBuildFile; fileRef = 031439E92221AB450039510E /* CoreData.framework */; };
		031439EC2221AB570039510E /* CarroProperty.swift in Sources */ = {isa = PBXBuildFile; fileRef = 031439EB2221AB570039510E /* CarroProperty.swift */; };
		031439EE2221AF840039510E /* TableViewCell.swift in Sources */ = {isa = PBXBuildFile; fileRef = 031439ED2221AF840039510E /* TableViewCell.swift */; };
/* End PBXBuildFile section */

/* Begin PBXFileReference section */
		031439CC2221A7870039510E /* trabalhoIOS.app */ = {isa = PBXFileReference; explicitFileType = wrapper.application; includeInIndex = 0; path = trabalhoIOS.app; sourceTree = BUILT_PRODUCTS_DIR; };
		031439CF2221A7870039510E /* AppDelegate.swift */ = {isa = PBXFileReference; lastKnownFileType = sourcecode.swift; path = AppDelegate.swift; sourceTree = "<group>"; };
		031439D12221A7870039510E /* ViewController.swift */ = {isa = PBXFileReference; lastKnownFileType = sourcecode.swift; path = ViewController.swift; sourceTree = "<group>"; };
		031439D42221A7870039510E /* Base */ = {isa = PBXFileReference; lastKnownFileType = file.storyboard; name = Base; path = Base.lproj/Main.storyboard; sourceTree = "<group>"; };
		031439D62221A7940039510E /* Assets.xcassets */ = {isa = PBXFileReference; lastKnownFileType = folder.assetcatalog; path = Assets.xcassets; sourceTree = "<group>"; };
		031439D92221A7940039510E /* Base */ = {isa = PBXFileReference; lastKnownFileType = file.storyboard; name = Base; path = Base.lproj/LaunchScreen.storyboard; sourceTree = "<group>"; };
		031439DB2221A7940039510E /* Info.plist */ = {isa = PBXFileReference; lastKnownFileType = text.plist.xml; path = Info.plist; sourceTree = "<group>"; };
		031439E12221A9410039510E /* CadastrarViewController.swift */ = {isa = PBXFileReference; lastKnownFileType = sourcecode.swift; path = CadastrarViewController.swift; sourceTree = "<group>"; };
		031439E42221AA080039510E /* Model.xcdatamodel */ = {isa = PBXFileReference; lastKnownFileType = wrapper.xcdatamodel; path = Model.xcdatamodel; sourceTree = "<group>"; };
		031439E62221AB210039510E /* CarroHandle.swift */ = {isa = PBXFileReference; lastKnownFileType = sourcecode.swift; path = CarroHandle.swift; sourceTree = "<group>"; };
		031439E92221AB450039510E /* CoreData.framework */ = {isa = PBXFileReference; lastKnownFileType = wrapper.framework; name = CoreData.framework; path = System/Library/Frameworks/CoreData.framework; sourceTree = SDKROOT; };
		031439EB2221AB570039510E /* CarroProperty.swift */ = {isa = PBXFileReference; lastKnownFileType = sourcecode.swift; path = CarroProperty.swift; sourceTree = "<group>"; };
		031439ED2221AF840039510E /* TableViewCell.swift */ = {isa = PBXFileReference; lastKnownFileType = sourcecode.swift; path = TableViewCell.swift; sourceTree = "<group>"; };
/* End PBXFileReference section */

/* Begin PBXFrameworksBuildPhase section */
		031439C92221A7870039510E /* Frameworks */ = {
			isa = PBXFrameworksBuildPhase;
			buildActionMask = 2147483647;
			files = (
				031439EA2221AB450039510E /* CoreData.framework in Frameworks */,
			);
			runOnlyForDeploymentPostprocessing = 0;
		};
/* End PBXFrameworksBuildPhase section */

/* Begin PBXGroup section */
		031439C32221A7870039510E = {
			isa = PBXGroup;
			children = (
				031439CE2221A7870039510E /* trabalhoIOS */,
				031439CD2221A7870039510E /* Products */,
				031439E82221AB450039510E /* Frameworks */,
			);
			sourceTree = "<group>";
		};
		031439CD2221A7870039510E /* Products */ = {
			isa = PBXGroup;
			children = (
				031439CC2221A7870039510E /* trabalhoIOS.app */,
			);
			name = Products;
			sourceTree = "<group>";
		};
		031439CE2221A7870039510E /* trabalhoIOS */ = {
			isa = PBXGroup;
			children = (
				031439CF2221A7870039510E /* AppDelegate.swift */,
				031439D12221A7870039510E /* ViewController.swift */,
				031439D32221A7870039510E /* Main.storyboard */,
				031439D62221A7940039510E /* Assets.xcassets */,
				031439D82221A7940039510E /* LaunchScreen.storyboard */,
				031439DB2221A7940039510E /* Info.plist */,
				031439E12221A9410039510E /* CadastrarViewController.swift */,
				031439E32221AA080039510E /* Model.xcdatamodeld */,
				031439E62221AB210039510E /* CarroHandle.swift */,
				031439EB2221AB570039510E /* CarroProperty.swift */,
				031439ED2221AF840039510E /* TableViewCell.swift */,
			);
			path = trabalhoIOS;
			sourceTree = "<group>";
		};
		031439E82221AB450039510E /* Frameworks */ = {
			isa = PBXGroup;
			children = (
				031439E92221AB450039510E /* CoreData.framework */,
			);
			name = Frameworks;
			sourceTree = "<group>";
		};
/* End PBXGroup section */

/* Begin PBXNativeTarget section */
		031439CB2221A7870039510E /* trabalhoIOS */ = {
			isa = PBXNativeTarget;
			buildConfigurationList = 031439DE2221A7940039510E /* Build configuration list for PBXNativeTarget "trabalhoIOS" */;
			buildPhases = (
				031439C82221A7870039510E /* Sources */,
				031439C92221A7870039510E /* Frameworks */,
				031439CA2221A7870039510E /* Resources */,
			);
			buildRules = (
			);
			dependencies = (
			);
			name = trabalhoIOS;
			productName = trabalhoIOS;
			productReference = 031439CC2221A7870039510E /* trabalhoIOS.app */;
			productType = "com.apple.product-type.application";
		};
/* End PBXNativeTarget section */

/* Begin PBXProject section */
		031439C42221A7870039510E /* Project object */ = {
			isa = PBXProject;
			attributes = {
				LastSwiftUpdateCheck = 1010;
				LastUpgradeCheck = 1010;
				ORGANIZATIONNAME = "Faculdade Alfa";
				TargetAttributes = {
					031439CB2221A7870039510E = {
						CreatedOnToolsVersion = 10.1;
					};
				};
			};
			buildConfigurationList = 031439C72221A7870039510E /* Build configuration list for PBXProject "trabalhoIOS" */;
			compatibilityVersion = "Xcode 9.3";
			developmentRegion = en;
			hasScannedForEncodings = 0;
			knownRegions = (
				en,
				Base,
			);
			mainGroup = 031439C32221A7870039510E;
			productRefGroup = 031439CD2221A7870039510E /* Products */;
			projectDirPath = "";
			projectRoot = "";
			targets = (
				031439CB2221A7870039510E /* trabalhoIOS */,
			);
		};
/* End PBXProject section */

/* Begin PBXResourcesBuildPhase section */
		031439CA2221A7870039510E /* Resources */ = {
			isa = PBXResourcesBuildPhase;
			buildActionMask = 2147483647;
			files = (
				031439DA2221A7940039510E /* LaunchScreen.storyboard in Resources */,
				031439D72221A7940039510E /* Assets.xcassets in Resources */,
				031439D52221A7870039510E /* Main.storyboard in Resources */,
			);
			runOnlyForDeploymentPostprocessing = 0;
		};
/* End PBXResourcesBuildPhase section */

/* Begin PBXSourcesBuildPhase section */
		031439C82221A7870039510E /* Sources */ = {
			isa = PBXSourcesBuildPhase;
			buildActionMask = 2147483647;
			files = (
				031439D22221A7870039510E /* ViewController.swift in Sources */,
				031439EC2221AB570039510E /* CarroProperty.swift in Sources */,
				031439E22221A9410039510E /* CadastrarViewController.swift in Sources */,
				031439E72221AB210039510E /* CarroHandle.swift in Sources */,
				031439D02221A7870039510E /* AppDelegate.swift in Sources */,
				031439EE2221AF840039510E /* TableViewCell.swift in Sources */,
				031439E52221AA080039510E /* Model.xcdatamodeld in Sources */,
			);
			runOnlyForDeploymentPostprocessing = 0;
		};
/* End PBXSourcesBuildPhase section */

/* Begin PBXVariantGroup section */
		031439D32221A7870039510E /* Main.storyboard */ = {
			isa = PBXVariantGroup;
			children = (
				031439D42221A7870039510E /* Base */,
			);
			name = Main.storyboard;
			sourceTree = "<group>";
		};
		031439D82221A7940039510E /* LaunchScreen.storyboard */ = {
			isa = PBXVariantGroup;
			children = (
				031439D92221A7940039510E /* Base */,
			);
			name = LaunchScreen.storyboard;
			sourceTree = "<group>";
		};
/* End PBXVariantGroup section */

/* Begin XCBuildConfiguration section */
		031439DC2221A7940039510E /* Debug */ = {
			isa = XCBuildConfiguration;
			buildSettings = {
				ALWAYS_SEARCH_USER_PATHS = NO;
				CLANG_ANALYZER_NONNULL = YES;
				CLANG_ANALYZER_NUMBER_OBJECT_CONVERSION = YES_AGGRESSIVE;
				CLANG_CXX_LANGUAGE_STANDARD = "gnu++14";
				CLANG_CXX_LIBRARY = "libc++";
				CLANG_ENABLE_MODULES = YES;
				CLANG_ENABLE_OBJC_ARC = YES;
				CLANG_ENABLE_OBJC_WEAK = YES;
				CLANG_WARN_BLOCK_CAPTURE_AUTORELEASING = YES;
				CLANG_WARN_BOOL_CONVERSION = YES;
				CLANG_WARN_COMMA = YES;
				CLANG_WARN_CONSTANT_CONVERSION = YES;
				CLANG_WARN_DEPRECATED_OBJC_IMPLEMENTATIONS = YES;
				CLANG_WARN_DIRECT_OBJC_ISA_USAGE = YES_ERROR;
				CLANG_WARN_DOCUMENTATION_COMMENTS = YES;
				CLANG_WARN_EMPTY_BODY = YES;
				CLANG_WARN_ENUM_CONVERSION = YES;
				CLANG_WARN_INFINITE_RECURSION = YES;
				CLANG_WARN_INT_CONVERSION = YES;
				CLANG_WARN_NON_LITERAL_NULL_CONVERSION = YES;
				CLANG_WARN_OBJC_IMPLICIT_RETAIN_SELF = YES;
				CLANG_WARN_OBJC_LITERAL_CONVERSION = YES;
				CLANG_WARN_OBJC_ROOT_CLASS = YES_ERROR;
				CLANG_WARN_RANGE_LOOP_ANALYSIS = YES;
				CLANG_WARN_STRICT_PROTOTYPES = YES;
				CLANG_WARN_SUSPICIOUS_MOVE = YES;
				CLANG_WARN_UNGUARDED_AVAILABILITY = YES_AGGRESSIVE;
				CLANG_WARN_UNREACHABLE_CODE = YES;
				CLANG_WARN__DUPLICATE_METHOD_MATCH = YES;
				CODE_SIGN_IDENTITY = "iPhone Developer";
				COPY_PHASE_STRIP = NO;
				DEBUG_INFORMATION_FORMAT = dwarf;
				ENABLE_STRICT_OBJC_MSGSEND = YES;
				ENABLE_TESTABILITY = YES;
				GCC_C_LANGUAGE_STANDARD = gnu11;
				GCC_DYNAMIC_NO_PIC = NO;
				GCC_NO_COMMON_BLOCKS = YES;
				GCC_OPTIMIZATION_LEVEL = 0;
				GCC_PREPROCESSOR_DEFINITIONS = (
					"DEBUG=1",
					"$(inherited)",
				);
				GCC_WARN_64_TO_32_BIT_CONVERSION = YES;
				GCC_WARN_ABOUT_RETURN_TYPE = YES_ERROR;
				GCC_WARN_UNDECLARED_SELECTOR = YES;
				GCC_WARN_UNINITIALIZED_AUTOS = YES_AGGRESSIVE;
				GCC_WARN_UNUSED_FUNCTION = YES;
				GCC_WARN_UNUSED_VARIABLE = YES;
				IPHONEOS_DEPLOYMENT_TARGET = 12.1;
				MTL_ENABLE_DEBUG_INFO = INCLUDE_SOURCE;
				MTL_FAST_MATH = YES;
				ONLY_ACTIVE_ARCH = YES;
				SDKROOT = iphoneos;
				SWIFT_ACTIVE_COMPILATION_CONDITIONS = DEBUG;
				SWIFT_OPTIMIZATION_LEVEL = "-Onone";
			};
			name = Debug;
		};
		031439DD2221A7940039510E /* Release */ = {
			isa = XCBuildConfiguration;
			buildSettings = {
				ALWAYS_SEARCH_USER_PATHS = NO;
				CLANG_ANALYZER_NONNULL = YES;
				CLANG_ANALYZER_NUMBER_OBJECT_CONVERSION = YES_AGGRESSIVE;
				CLANG_CXX_LANGUAGE_STANDARD = "gnu++14";
				CLANG_CXX_LIBRARY = "libc++";
				CLANG_ENABLE_MODULES = YES;
				CLANG_ENABLE_OBJC_ARC = YES;
				CLANG_ENABLE_OBJC_WEAK = YES;
				CLANG_WARN_BLOCK_CAPTURE_AUTORELEASING = YES;
				CLANG_WARN_BOOL_CONVERSION = YES;
				CLANG_WARN_COMMA = YES;
				CLANG_WARN_CONSTANT_CONVERSION = YES;
				CLANG_WARN_DEPRECATED_OBJC_IMPLEMENTATIONS = YES;
				CLANG_WARN_DIRECT_OBJC_ISA_USAGE = YES_ERROR;
				CLANG_WARN_DOCUMENTATION_COMMENTS = YES;
				CLANG_WARN_EMPTY_BODY = YES;
				CLANG_WARN_ENUM_CONVERSION = YES;
				CLANG_WARN_INFINITE_RECURSION = YES;
				CLANG_WARN_INT_CONVERSION = YES;
				CLANG_WARN_NON_LITERAL_NULL_CONVERSION = YES;
				CLANG_WARN_OBJC_IMPLICIT_RETAIN_SELF = YES;
				CLANG_WARN_OBJC_LITERAL_CONVERSION = YES;
				CLANG_WARN_OBJC_ROOT_CLASS = YES_ERROR;
				CLANG_WARN_RANGE_LOOP_ANALYSIS = YES;
				CLANG_WARN_STRICT_PROTOTYPES = YES;
				CLANG_WARN_SUSPICIOUS_MOVE = YES;
				CLANG_WARN_UNGUARDED_AVAILABILITY = YES_AGGRESSIVE;
				CLANG_WARN_UNREACHABLE_CODE = YES;
				CLANG_WARN__DUPLICATE_METHOD_MATCH = YES;
				CODE_SIGN_IDENTITY = "iPhone Developer";
				COPY_PHASE_STRIP = NO;
				DEBUG_INFORMATION_FORMAT = "dwarf-with-dsym";
				ENABLE_NS_ASSERTIONS = NO;
				ENABLE_STRICT_OBJC_MSGSEND = YES;
				GCC_C_LANGUAGE_STANDARD = gnu11;
				GCC_NO_COMMON_BLOCKS = YES;
				GCC_WARN_64_TO_32_BIT_CONVERSION = YES;
				GCC_WARN_ABOUT_RETURN_TYPE = YES_ERROR;
				GCC_WARN_UNDECLARED_SELECTOR = YES;
				GCC_WARN_UNINITIALIZED_AUTOS = YES_AGGRESSIVE;
				GCC_WARN_UNUSED_FUNCTION = YES;
				GCC_WARN_UNUSED_VARIABLE = YES;
				IPHONEOS_DEPLOYMENT_TARGET = 12.1;
				MTL_ENABLE_DEBUG_INFO = NO;
				MTL_FAST_MATH = YES;
				SDKROOT = iphoneos;
				SWIFT_COMPILATION_MODE = wholemodule;
				SWIFT_OPTIMIZATION_LEVEL = "-O";
				VALIDATE_PRODUCT = YES;
			};
			name = Release;
		};
		031439DF2221A7940039510E /* Debug */ = {
			isa = XCBuildConfiguration;
			buildSettings = {
				ASSETCATALOG_COMPILER_APPICON_NAME = AppIcon;
				CODE_SIGN_STYLE = Automatic;
				DEVELOPMENT_TEAM = ZJGR6U7U6M;
				INFOPLIST_FILE = trabalhoIOS/Info.plist;
				IPHONEOS_DEPLOYMENT_TARGET = 11.0;
				LD_RUNPATH_SEARCH_PATHS = (
					"$(inherited)",
					"@executable_path/Frameworks",
				);
				PRODUCT_BUNDLE_IDENTIFIER = br.com.faculdadealfa.trabalhoIOS;
				PRODUCT_NAME = "$(TARGET_NAME)";
				SWIFT_VERSION = 4.2;
				TARGETED_DEVICE_FAMILY = "1,2";
			};
			name = Debug;
		};
		031439E02221A7940039510E /* Release */ = {
			isa = XCBuildConfiguration;
			buildSettings = {
				ASSETCATALOG_COMPILER_APPICON_NAME = AppIcon;
				CODE_SIGN_STYLE = Automatic;
				DEVELOPMENT_TEAM = ZJGR6U7U6M;
				INFOPLIST_FILE = trabalhoIOS/Info.plist;
				IPHONEOS_DEPLOYMENT_TARGET = 11.0;
				LD_RUNPATH_SEARCH_PATHS = (
					"$(inherited)",
					"@executable_path/Frameworks",
				);
				PRODUCT_BUNDLE_IDENTIFIER = br.com.faculdadealfa.trabalhoIOS;
				PRODUCT_NAME = "$(TARGET_NAME)";
				SWIFT_VERSION = 4.2;
				TARGETED_DEVICE_FAMILY = "1,2";
			};
			name = Release;
		};
/* End XCBuildConfiguration section */

/* Begin XCConfigurationList section */
		031439C72221A7870039510E /* Build configuration list for PBXProject "trabalhoIOS" */ = {
			isa = XCConfigurationList;
			buildConfigurations = (
				031439DC2221A7940039510E /* Debug */,
				031439DD2221A7940039510E /* Release */,
			);
			defaultConfigurationIsVisible = 0;
			defaultConfigurationName = Release;
		};
		031439DE2221A7940039510E /* Build configuration list for PBXNativeTarget "trabalhoIOS" */ = {
			isa = XCConfigurationList;
			buildConfigurations = (
				031439DF2221A7940039510E /* Debug */,
				031439E02221A7940039510E /* Release */,
			);
			defaultConfigurationIsVisible = 0;
			defaultConfigurationName = Release;
		};
/* End XCConfigurationList section */

/* Begin XCVersionGroup section */
		031439E32221AA080039510E /* Model.xcdatamodeld */ = {
			isa = XCVersionGroup;
			children = (
				031439E42221AA080039510E /* Model.xcdatamodel */,
			);
			currentVersion = 031439E42221AA080039510E /* Model.xcdatamodel */;
			path = Model.xcdatamodeld;
			sourceTree = "<group>";
			versionGroupType = wrapper.xcdatamodel;
		};
/* End XCVersionGroup section */
	};
	rootObject = 031439C42221A7870039510E /* Project object */;
}
